
Microsoft Visual Studio Solution File, Format Version 12.00
# Visual Studio Version 16
VisualStudioVersion = 16.0.31702.278
MinimumVisualStudioVersion = 10.0.40219.1
Project("{FAE04EC0-301F-11D3-BF4B-00C04F79EFBC}") = "RentalKendaraan", "RentalKendaraan\RentalKendaraan.csproj", "{9CEA247B-41E9-4ED5-BFF6-2D65A48A067C}"
EndProject
Global
	GlobalSection(SolutionConfigurationPlatforms) = preSolution
		Debug|Any CPU = Debug|Any CPU
		Release|Any CPU = Release|Any CPU
	EndGlobalSection
	GlobalSection(ProjectConfigurationPlatforms) = postSolution
		{9CEA247B-41E9-4ED5-BFF6-2D65A48A067C}.Debug|Any CPU.ActiveCfg = Debug|Any CPU
		{9CEA247B-41E9-4ED5-BFF6-2D65A48A067C}.Debug|Any CPU.Build.0 = Debug|Any CPU
		{9CEA247B-41E9-4ED5-BFF6-2D65A48A067C}.Release|Any CPU.ActiveCfg = Release|Any CPU
		{9CEA247B-41E9-4ED5-BFF6-2D65A48A067C}.Release|Any CPU.Build.0 = Release|Any CPU
	EndGlobalSection
	GlobalSection(SolutionProperties) = preSolution
		HideSolutionNode = FALSE
	EndGlobalSection
	GlobalSection(ExtensibilityGlobals) = postSolution
		SolutionGuid = {9BBF0B5F-18F8-4E91-9C57-A97C3AF7EC06}
	EndGlobalSection
EndGlobal
